{
  "name": "tmux-starter",
  "version": "0.0.0",
  "dependencies": {
    "optparse": {
      "version": "1.0.5",
      "from": "optparse@*",
      "resolved": "https://registry.npmjs.org/optparse/-/optparse-1.0.5.tgz",
      "dev": true
    },
    "tmux-layout": {
      "version": "1.1.2",
      "from": "tmux-layout@latest",
      "resolved": "https://registry.npmjs.org/tmux-layout/-/tmux-layout-1.1.2.tgz",
      "dev": true
    }
  }
}
